// !$*UTF8*$!
{
	archiveVersion = 1;
	classes = {
	};
	objectVersion = 54;
	objects = {

/* Begin PBXBuildFile section */
		00E356F31AD99517003FC87E /* GGurumiTests.m in Sources */ = {isa = PBXBuildFile; fileRef = 00E356F21AD99517003FC87E /* GGurumiTests.m */; };
		05F186A35B4D4793A164B218 /* flower.mp4 in Resources */ = {isa = PBXBuildFile; fileRef = 33585FC96EF74699BD73BA7F /* flower.mp4 */; };
		063F6EEC2C0D4DE7AEF1B5DD /* arrow-top-24.png in Resources */ = {isa = PBXBuildFile; fileRef = 21564CFB3983465388644309 /* arrow-top-24.png */; };
		06AABD778B524350908816C2 /* instasave6.mp4 in Resources */ = {isa = PBXBuildFile; fileRef = C1441ADE823847B6A6D680CE /* instasave6.mp4 */; };
		0E7307B364AE4F65B740C032 /* home-white-48.png in Resources */ = {isa = PBXBuildFile; fileRef = 7B9DE5C7AED54C958498B8AD /* home-white-48.png */; };
		1080C1177532478F94762F55 /* isolation_4_pre.mp4 in Resources */ = {isa = PBXBuildFile; fileRef = D894D7CD103148EAB8618434 /* isolation_4_pre.mp4 */; };
		13B07FBC1A68108700A75B9A /* AppDelegate.mm in Sources */ = {isa = PBXBuildFile; fileRef = 13B07FB01A68108700A75B9A /* AppDelegate.mm */; };
		13B07FBF1A68108700A75B9A /* Images.xcassets in Resources */ = {isa = PBXBuildFile; fileRef = 13B07FB51A68108700A75B9A /* Images.xcassets */; };
		13B07FC11A68108700A75B9A /* main.m in Sources */ = {isa = PBXBuildFile; fileRef = 13B07FB71A68108700A75B9A /* main.m */; };
		2133DC900AAD4B8DB8C763C8 /* mirror-mode-24.png in Resources */ = {isa = PBXBuildFile; fileRef = CAE2DCB01CC94013A973CA9E /* mirror-mode-24.png */; };
		24AE0E2637764EA189BCF566 /* instasave.mp4 in Resources */ = {isa = PBXBuildFile; fileRef = EAC49FF0059B4E1D8321D17D /* instasave.mp4 */; };
		2D7BC9E778734D8FA8148037 /* stop-36.png in Resources */ = {isa = PBXBuildFile; fileRef = 00A4A5F914134761A74AAF5C /* stop-36.png */; };
		30AC8683863E49F08DB6976D /* start-36.png in Resources */ = {isa = PBXBuildFile; fileRef = E29D693DDFCA4BD8A606F440 /* start-36.png */; };
		3B1F845D0BF74C4AB7D26D4B /* screen-scaledown-24.png in Resources */ = {isa = PBXBuildFile; fileRef = DB02854BD7F842F3B0716E55 /* screen-scaledown-24.png */; };
		40C493229E5845C2B88BE2B3 /* pencil-24.png in Resources */ = {isa = PBXBuildFile; fileRef = 741591898A5C4EED86CC6D49 /* pencil-24.png */; };
		41BD52F721604EFA82D5E797 /* instasave5.mp4 in Resources */ = {isa = PBXBuildFile; fileRef = 980349E92B984896A9FE41B6 /* instasave5.mp4 */; };
		439A85EA8DAD4D85B7AE7F13 /* heart-fill-24.png in Resources */ = {isa = PBXBuildFile; fileRef = AFE978EDC1B54CFD8ECD97E7 /* heart-fill-24.png */; };
		48BB9E4914474D07BB9C453E /* replay-36.png in Resources */ = {isa = PBXBuildFile; fileRef = C71D81873A774B54B9C238FB /* replay-36.png */; };
		5B6937D112AC4C94842A2F37 /* logout-24.png in Resources */ = {isa = PBXBuildFile; fileRef = 9E1CDC81B2634E8795998CAD /* logout-24.png */; };
		5E87EB2E7F8144EC974CCBF2 /* x-24.png in Resources */ = {isa = PBXBuildFile; fileRef = F735F53CA5444F56B513C01B /* x-24.png */; };
		63F7396FC28758E433816404 /* libPods-GGurumi.a in Frameworks */ = {isa = PBXBuildFile; fileRef = 8CFC84ED56447295BC8DBCFF /* libPods-GGurumi.a */; };
		650713E00AEF45DABD8885B8 /* instasave3.mp4 in Resources */ = {isa = PBXBuildFile; fileRef = AE0C409C63EC4626AF357AE2 /* instasave3.mp4 */; };
		732124CA0E974536BDACA096 /* notfound.mp4 in Resources */ = {isa = PBXBuildFile; fileRef = 5215875AE44E4B0195D2E1E6 /* notfound.mp4 */; };
		76112D71A23441F5BFB295ED /* back-24.png in Resources */ = {isa = PBXBuildFile; fileRef = 9C02B76DB3994071B62BFA78 /* back-24.png */; };
		7E38D556D04A491DB74EB5A0 /* heart-white-24.png in Resources */ = {isa = PBXBuildFile; fileRef = 382D4F2840BF43E8AAEABA11 /* heart-white-24.png */; };
		81AB9BB82411601600AC10FF /* LaunchScreen.storyboard in Resources */ = {isa = PBXBuildFile; fileRef = 81AB9BB72411601600AC10FF /* LaunchScreen.storyboard */; };
		85567BDC504548669AC65092 /* profile-100.png in Resources */ = {isa = PBXBuildFile; fileRef = AD76564B4AB44E14A491426C /* profile-100.png */; };
		8E6F19FC01E64F99B5F0E0C0 /* Because_of_you.mp4 in Resources */ = {isa = PBXBuildFile; fileRef = EA4600F9CEF6430C8E2343F2 /* Because_of_you.mp4 */; };
		9FCBB4C65E4846A69413542E /* check-22.png in Resources */ = {isa = PBXBuildFile; fileRef = A78E9A71D73B43D8A9EA9085 /* check-22.png */; };
		A1FB0D9BC8F34DB581991D7B /* arrow-black-24.png in Resources */ = {isa = PBXBuildFile; fileRef = 04E27A4AB9C74B688BD89CC6 /* arrow-black-24.png */; };
		A7119A4083044216A33EBC13 /* mypage-48.png in Resources */ = {isa = PBXBuildFile; fileRef = 24B643090DA7404497AEF6EA /* mypage-48.png */; };
		A94AF02BB90547C2BC0CD08D /* wave.mp4 in Resources */ = {isa = PBXBuildFile; fileRef = 601BB83329F3406CBF7122AD /* wave.mp4 */; };
		B086B4BC9B8F41F9BC387443 /* stretching_pre.mp4 in Resources */ = {isa = PBXBuildFile; fileRef = 682A600B9D0F4432A37FB6AC /* stretching_pre.mp4 */; };
		B5FBB195DFA24E5DAC7B5E73 /* arrow-gray-24.png in Resources */ = {isa = PBXBuildFile; fileRef = 7F055138822C43639DA75BE2 /* arrow-gray-24.png */; };
		B628A5D3992F42AC8E77E0CC /* instasave2.mp4 in Resources */ = {isa = PBXBuildFile; fileRef = 92032950F8A0478289EEB4B3 /* instasave2.mp4 */; };
		B6B60E2140D047C38FB0661C /* instasave4.mp4 in Resources */ = {isa = PBXBuildFile; fileRef = 6B667A332EF1455BAEB887C0 /* instasave4.mp4 */; };
		B72ED55BB7A742848AAA998D /* isolation_4.mp4 in Resources */ = {isa = PBXBuildFile; fileRef = 1587F8411CF94C54ABE6CB37 /* isolation_4.mp4 */; };
		B87004C26EF941C4A012A6CC /* arrow-bottom-24.png in Resources */ = {isa = PBXBuildFile; fileRef = 8BC948E56211406DAF7ADDFE /* arrow-bottom-24.png */; };
		BD68DD50BD454428A50C32A9 /* arm_straight.mp4 in Resources */ = {isa = PBXBuildFile; fileRef = 25A339361FD9418DADA89A4E /* arm_straight.mp4 */; };
		BFF173468A55485E88B20268 /* screen-scaleup-24.png in Resources */ = {isa = PBXBuildFile; fileRef = 41415556B9AC47B88F67683B /* screen-scaleup-24.png */; };
		C8078EBC7CAC42569F26CFC6 /* heart-black-24.png in Resources */ = {isa = PBXBuildFile; fileRef = 5942512AEBDD4C58A96515BD /* heart-black-24.png */; };
		C82E5F404A72477A8FE82DF7 /* video-24.png in Resources */ = {isa = PBXBuildFile; fileRef = C0B6B2A6594F4C11882F63DF /* video-24.png */; };
		CDCD12B139EF44C9B9AE7997 /* stretching.mp4 in Resources */ = {isa = PBXBuildFile; fileRef = A23BE8E629374173936C658F /* stretching.mp4 */; };
		D18E5F360BC14A4BB199F40D /* check-30.png in Resources */ = {isa = PBXBuildFile; fileRef = E55718AC21774828B18493D6 /* check-30.png */; };
		DAA917721BD34262B86751C3 /* setting-24.png in Resources */ = {isa = PBXBuildFile; fileRef = 39DFB92FDE5147BC9A71C228 /* setting-24.png */; };
		DBFF79AE3B444381B1C93540 /* profile-add-20.png in Resources */ = {isa = PBXBuildFile; fileRef = A265F2DBEBD14D3C94DCDF10 /* profile-add-20.png */; };
		DC98D74F6767435287F60E87 /* arrow-white-24.png in Resources */ = {isa = PBXBuildFile; fileRef = 71812762EB194C85A951F0FF /* arrow-white-24.png */; };
		DDA58D03CED14BAB9C326DD1 /* time-24.png in Resources */ = {isa = PBXBuildFile; fileRef = C41C268431484483898D765F /* time-24.png */; };
		DF4CC52774144E62BF29E95E /* x-white-24.png in Resources */ = {isa = PBXBuildFile; fileRef = D2CA690CF33E4C72B3546854 /* x-white-24.png */; };
		DF83DABE57FE47EB870BAF00 /* front-24.png in Resources */ = {isa = PBXBuildFile; fileRef = 2384B50ADDAF469DB14D9B0A /* front-24.png */; };
		E190CE2A846B4651A3429F77 /* heart-24.png in Resources */ = {isa = PBXBuildFile; fileRef = A568F09E8B974B35A5C79905 /* heart-24.png */; };
		E634EC3C1B9A4731A76E0655 /* double-speed-24.png in Resources */ = {isa = PBXBuildFile; fileRef = 4BDC90E92C054DDA8206B3B4 /* double-speed-24.png */; };
		E6A3F2386A8048CFB7C9C087 /* search-24.png in Resources */ = {isa = PBXBuildFile; fileRef = 5380C33492A742ADB8F865F2 /* search-24.png */; };
		E8024F381CBF4CF4B8C2CFF6 /* mypage-white-48.png in Resources */ = {isa = PBXBuildFile; fileRef = 25A7B3CC67F54EFEB3EAD692 /* mypage-white-48.png */; };
		E8652C5967E543A29963F6C7 /* home-48.png in Resources */ = {isa = PBXBuildFile; fileRef = 18BF752674664ECE8937B6FD /* home-48.png */; };
		F153FAB83B584BF4A973005A /* notfound.png in Resources */ = {isa = PBXBuildFile; fileRef = 81A04684D64046149D180C2E /* notfound.png */; };
		F54AED8ABD91BD2341561C07 /* libPods-GGurumi-GGurumiTests.a in Frameworks */ = {isa = PBXBuildFile; fileRef = 0027B07CD173DA2418B79C37 /* libPods-GGurumi-GGurumiTests.a */; };
		F8DE31BC118C4B84B6BDEF0B /* download-white-24.png in Resources */ = {isa = PBXBuildFile; fileRef = B6EB0AE845AB4FD2A1974BC3 /* download-white-24.png */; };
/* End PBXBuildFile section */

/* Begin PBXContainerItemProxy section */
		00E356F41AD99517003FC87E /* PBXContainerItemProxy */ = {
			isa = PBXContainerItemProxy;
			containerPortal = 83CBB9F71A601CBA00E9B192 /* Project object */;
			proxyType = 1;
			remoteGlobalIDString = 13B07F861A680F5B00A75B9A;
			remoteInfo = GGurumi;
		};
/* End PBXContainerItemProxy section */

/* Begin PBXFileReference section */
		0027B07CD173DA2418B79C37 /* libPods-GGurumi-GGurumiTests.a */ = {isa = PBXFileReference; explicitFileType = archive.ar; includeInIndex = 0; path = "libPods-GGurumi-GGurumiTests.a"; sourceTree = BUILT_PRODUCTS_DIR; };
		00A4A5F914134761A74AAF5C /* stop-36.png */ = {isa = PBXFileReference; explicitFileType = undefined; fileEncoding = 9; includeInIndex = 0; lastKnownFileType = unknown; name = "stop-36.png"; path = "../src/assets/video/stop-36.png"; sourceTree = "<group>"; };
		00E356EE1AD99517003FC87E /* GGurumiTests.xctest */ = {isa = PBXFileReference; explicitFileType = wrapper.cfbundle; includeInIndex = 0; path = GGurumiTests.xctest; sourceTree = BUILT_PRODUCTS_DIR; };
		00E356F11AD99517003FC87E /* Info.plist */ = {isa = PBXFileReference; lastKnownFileType = text.plist.xml; path = Info.plist; sourceTree = "<group>"; };
		00E356F21AD99517003FC87E /* GGurumiTests.m */ = {isa = PBXFileReference; lastKnownFileType = sourcecode.c.objc; path = GGurumiTests.m; sourceTree = "<group>"; };
		01478A32B9EE338E69DD8A6C /* Pods-GGurumi-GGurumiTests.release.xcconfig */ = {isa = PBXFileReference; includeInIndex = 1; lastKnownFileType = text.xcconfig; name = "Pods-GGurumi-GGurumiTests.release.xcconfig"; path = "Target Support Files/Pods-GGurumi-GGurumiTests/Pods-GGurumi-GGurumiTests.release.xcconfig"; sourceTree = "<group>"; };
		04E27A4AB9C74B688BD89CC6 /* arrow-black-24.png */ = {isa = PBXFileReference; explicitFileType = undefined; fileEncoding = 9; includeInIndex = 0; lastKnownFileType = unknown; name = "arrow-black-24.png"; path = "../src/assets/arrow-black-24.png"; sourceTree = "<group>"; };
		13B07F961A680F5B00A75B9A /* GGurumi.app */ = {isa = PBXFileReference; explicitFileType = wrapper.application; includeInIndex = 0; path = GGurumi.app; sourceTree = BUILT_PRODUCTS_DIR; };
		13B07FAF1A68108700A75B9A /* AppDelegate.h */ = {isa = PBXFileReference; fileEncoding = 4; lastKnownFileType = sourcecode.c.h; name = AppDelegate.h; path = GGurumi/AppDelegate.h; sourceTree = "<group>"; };
		13B07FB01A68108700A75B9A /* AppDelegate.mm */ = {isa = PBXFileReference; fileEncoding = 4; lastKnownFileType = sourcecode.cpp.objcpp; name = AppDelegate.mm; path = GGurumi/AppDelegate.mm; sourceTree = "<group>"; };
		13B07FB51A68108700A75B9A /* Images.xcassets */ = {isa = PBXFileReference; lastKnownFileType = folder.assetcatalog; name = Images.xcassets; path = GGurumi/Images.xcassets; sourceTree = "<group>"; };
		13B07FB61A68108700A75B9A /* Info.plist */ = {isa = PBXFileReference; fileEncoding = 4; lastKnownFileType = text.plist.xml; name = Info.plist; path = GGurumi/Info.plist; sourceTree = "<group>"; };
		13B07FB71A68108700A75B9A /* main.m */ = {isa = PBXFileReference; fileEncoding = 4; lastKnownFileType = sourcecode.c.objc; name = main.m; path = GGurumi/main.m; sourceTree = "<group>"; };
		1587F8411CF94C54ABE6CB37 /* isolation_4.mp4 */ = {isa = PBXFileReference; explicitFileType = undefined; fileEncoding = 9; includeInIndex = 0; lastKnownFileType = unknown; name = isolation_4.mp4; path = ../src/assets/videoTest/isolation_4.mp4; sourceTree = "<group>"; };
		18BF752674664ECE8937B6FD /* home-48.png */ = {isa = PBXFileReference; explicitFileType = undefined; fileEncoding = 9; includeInIndex = 0; lastKnownFileType = unknown; name = "home-48.png"; path = "../src/assets/bottomRoutes/home-48.png"; sourceTree = "<group>"; };
		21564CFB3983465388644309 /* arrow-top-24.png */ = {isa = PBXFileReference; explicitFileType = undefined; fileEncoding = 9; includeInIndex = 0; lastKnownFileType = unknown; name = "arrow-top-24.png"; path = "../src/assets/video/arrow-top-24.png"; sourceTree = "<group>"; };
		2384B50ADDAF469DB14D9B0A /* front-24.png */ = {isa = PBXFileReference; explicitFileType = undefined; fileEncoding = 9; includeInIndex = 0; lastKnownFileType = unknown; name = "front-24.png"; path = "../src/assets/video/front-24.png"; sourceTree = "<group>"; };
		24B643090DA7404497AEF6EA /* mypage-48.png */ = {isa = PBXFileReference; explicitFileType = undefined; fileEncoding = 9; includeInIndex = 0; lastKnownFileType = unknown; name = "mypage-48.png"; path = "../src/assets/bottomRoutes/mypage-48.png"; sourceTree = "<group>"; };
		25A339361FD9418DADA89A4E /* arm_straight.mp4 */ = {isa = PBXFileReference; explicitFileType = undefined; fileEncoding = 9; includeInIndex = 0; lastKnownFileType = unknown; name = arm_straight.mp4; path = ../src/assets/videoTest/arm_straight.mp4; sourceTree = "<group>"; };
		25A7B3CC67F54EFEB3EAD692 /* mypage-white-48.png */ = {isa = PBXFileReference; explicitFileType = undefined; fileEncoding = 9; includeInIndex = 0; lastKnownFileType = unknown; name = "mypage-white-48.png"; path = "../src/assets/bottomRoutes/mypage-white-48.png"; sourceTree = "<group>"; };
		33585FC96EF74699BD73BA7F /* flower.mp4 */ = {isa = PBXFileReference; explicitFileType = undefined; fileEncoding = 9; includeInIndex = 0; lastKnownFileType = unknown; name = flower.mp4; path = ../src/assets/videoTest/flower.mp4; sourceTree = "<group>"; };
		382D4F2840BF43E8AAEABA11 /* heart-white-24.png */ = {isa = PBXFileReference; explicitFileType = undefined; fileEncoding = 9; includeInIndex = 0; lastKnownFileType = unknown; name = "heart-white-24.png"; path = "../src/assets/heart-white-24.png"; sourceTree = "<group>"; };
		39DFB92FDE5147BC9A71C228 /* setting-24.png */ = {isa = PBXFileReference; explicitFileType = undefined; fileEncoding = 9; includeInIndex = 0; lastKnownFileType = unknown; name = "setting-24.png"; path = "../src/assets/mypage/setting-24.png"; sourceTree = "<group>"; };
		41415556B9AC47B88F67683B /* screen-scaleup-24.png */ = {isa = PBXFileReference; explicitFileType = undefined; fileEncoding = 9; includeInIndex = 0; lastKnownFileType = unknown; name = "screen-scaleup-24.png"; path = "../src/assets/video/screen-scaleup-24.png"; sourceTree = "<group>"; };
		4BDC90E92C054DDA8206B3B4 /* double-speed-24.png */ = {isa = PBXFileReference; explicitFileType = undefined; fileEncoding = 9; includeInIndex = 0; lastKnownFileType = unknown; name = "double-speed-24.png"; path = "../src/assets/video/double-speed-24.png"; sourceTree = "<group>"; };
		5215875AE44E4B0195D2E1E6 /* notfound.mp4 */ = {isa = PBXFileReference; explicitFileType = undefined; fileEncoding = 9; includeInIndex = 0; lastKnownFileType = unknown; name = notfound.mp4; path = ../src/assets/notfound.mp4; sourceTree = "<group>"; };
		5380C33492A742ADB8F865F2 /* search-24.png */ = {isa = PBXFileReference; explicitFileType = undefined; fileEncoding = 9; includeInIndex = 0; lastKnownFileType = unknown; name = "search-24.png"; path = "../src/assets/search-24.png"; sourceTree = "<group>"; };
		5942512AEBDD4C58A96515BD /* heart-black-24.png */ = {isa = PBXFileReference; explicitFileType = undefined; fileEncoding = 9; includeInIndex = 0; lastKnownFileType = unknown; name = "heart-black-24.png"; path = "../src/assets/heart-black-24.png"; sourceTree = "<group>"; };
		601BB83329F3406CBF7122AD /* wave.mp4 */ = {isa = PBXFileReference; explicitFileType = undefined; fileEncoding = 9; includeInIndex = 0; lastKnownFileType = unknown; name = wave.mp4; path = ../src/assets/videoTest/wave.mp4; sourceTree = "<group>"; };
		682A600B9D0F4432A37FB6AC /* stretching_pre.mp4 */ = {isa = PBXFileReference; explicitFileType = undefined; fileEncoding = 9; includeInIndex = 0; lastKnownFileType = unknown; name = stretching_pre.mp4; path = ../src/assets/videoTest/stretching_pre.mp4; sourceTree = "<group>"; };
		6B667A332EF1455BAEB887C0 /* instasave4.mp4 */ = {isa = PBXFileReference; explicitFileType = undefined; fileEncoding = 9; includeInIndex = 0; lastKnownFileType = unknown; name = instasave4.mp4; path = ../src/assets/videoTest/instasave4.mp4; sourceTree = "<group>"; };
		71812762EB194C85A951F0FF /* arrow-white-24.png */ = {isa = PBXFileReference; explicitFileType = undefined; fileEncoding = 9; includeInIndex = 0; lastKnownFileType = unknown; name = "arrow-white-24.png"; path = "../src/assets/arrow-white-24.png"; sourceTree = "<group>"; };
		741591898A5C4EED86CC6D49 /* pencil-24.png */ = {isa = PBXFileReference; explicitFileType = undefined; fileEncoding = 9; includeInIndex = 0; lastKnownFileType = unknown; name = "pencil-24.png"; path = "../src/assets/mypage/pencil-24.png"; sourceTree = "<group>"; };
		7B9DE5C7AED54C958498B8AD /* home-white-48.png */ = {isa = PBXFileReference; explicitFileType = undefined; fileEncoding = 9; includeInIndex = 0; lastKnownFileType = unknown; name = "home-white-48.png"; path = "../src/assets/bottomRoutes/home-white-48.png"; sourceTree = "<group>"; };
		7F055138822C43639DA75BE2 /* arrow-gray-24.png */ = {isa = PBXFileReference; explicitFileType = undefined; fileEncoding = 9; includeInIndex = 0; lastKnownFileType = unknown; name = "arrow-gray-24.png"; path = "../src/assets/mypage/arrow-gray-24.png"; sourceTree = "<group>"; };
		81A04684D64046149D180C2E /* notfound.png */ = {isa = PBXFileReference; explicitFileType = undefined; fileEncoding = 9; includeInIndex = 0; lastKnownFileType = unknown; name = notfound.png; path = ../src/assets/notfound.png; sourceTree = "<group>"; };
		81AB9BB72411601600AC10FF /* LaunchScreen.storyboard */ = {isa = PBXFileReference; fileEncoding = 4; lastKnownFileType = file.storyboard; name = LaunchScreen.storyboard; path = GGurumi/LaunchScreen.storyboard; sourceTree = "<group>"; };
		8BC948E56211406DAF7ADDFE /* arrow-bottom-24.png */ = {isa = PBXFileReference; explicitFileType = undefined; fileEncoding = 9; includeInIndex = 0; lastKnownFileType = unknown; name = "arrow-bottom-24.png"; path = "../src/assets/video/arrow-bottom-24.png"; sourceTree = "<group>"; };
		8CFC84ED56447295BC8DBCFF /* libPods-GGurumi.a */ = {isa = PBXFileReference; explicitFileType = archive.ar; includeInIndex = 0; path = "libPods-GGurumi.a"; sourceTree = BUILT_PRODUCTS_DIR; };
		92032950F8A0478289EEB4B3 /* instasave2.mp4 */ = {isa = PBXFileReference; explicitFileType = undefined; fileEncoding = 9; includeInIndex = 0; lastKnownFileType = unknown; name = instasave2.mp4; path = ../src/assets/videoTest/instasave2.mp4; sourceTree = "<group>"; };
		980349E92B984896A9FE41B6 /* instasave5.mp4 */ = {isa = PBXFileReference; explicitFileType = undefined; fileEncoding = 9; includeInIndex = 0; lastKnownFileType = unknown; name = instasave5.mp4; path = ../src/assets/videoTest/instasave5.mp4; sourceTree = "<group>"; };
		9C02B76DB3994071B62BFA78 /* back-24.png */ = {isa = PBXFileReference; explicitFileType = undefined; fileEncoding = 9; includeInIndex = 0; lastKnownFileType = unknown; name = "back-24.png"; path = "../src/assets/video/back-24.png"; sourceTree = "<group>"; };
		9E1CDC81B2634E8795998CAD /* logout-24.png */ = {isa = PBXFileReference; explicitFileType = undefined; fileEncoding = 9; includeInIndex = 0; lastKnownFileType = unknown; name = "logout-24.png"; path = "../src/assets/mypage/logout-24.png"; sourceTree = "<group>"; };
		A0DEF02BAA14DA06716867A7 /* Pods-GGurumi.debug.xcconfig */ = {isa = PBXFileReference; includeInIndex = 1; lastKnownFileType = text.xcconfig; name = "Pods-GGurumi.debug.xcconfig"; path = "Target Support Files/Pods-GGurumi/Pods-GGurumi.debug.xcconfig"; sourceTree = "<group>"; };
		A23BE8E629374173936C658F /* stretching.mp4 */ = {isa = PBXFileReference; explicitFileType = undefined; fileEncoding = 9; includeInIndex = 0; lastKnownFileType = unknown; name = stretching.mp4; path = ../src/assets/videoTest/stretching.mp4; sourceTree = "<group>"; };
		A265F2DBEBD14D3C94DCDF10 /* profile-add-20.png */ = {isa = PBXFileReference; explicitFileType = undefined; fileEncoding = 9; includeInIndex = 0; lastKnownFileType = unknown; name = "profile-add-20.png"; path = "../src/assets/mypage/profile-add-20.png"; sourceTree = "<group>"; };
		A568F09E8B974B35A5C79905 /* heart-24.png */ = {isa = PBXFileReference; explicitFileType = undefined; fileEncoding = 9; includeInIndex = 0; lastKnownFileType = unknown; name = "heart-24.png"; path = "../src/assets/mypage/heart-24.png"; sourceTree = "<group>"; };
		A78E9A71D73B43D8A9EA9085 /* check-22.png */ = {isa = PBXFileReference; explicitFileType = undefined; fileEncoding = 9; includeInIndex = 0; lastKnownFileType = unknown; name = "check-22.png"; path = "../src/assets/video/check-22.png"; sourceTree = "<group>"; };
		AD76564B4AB44E14A491426C /* profile-100.png */ = {isa = PBXFileReference; explicitFileType = undefined; fileEncoding = 9; includeInIndex = 0; lastKnownFileType = unknown; name = "profile-100.png"; path = "../src/assets/mypage/profile-100.png"; sourceTree = "<group>"; };
		AE0C409C63EC4626AF357AE2 /* instasave3.mp4 */ = {isa = PBXFileReference; explicitFileType = undefined; fileEncoding = 9; includeInIndex = 0; lastKnownFileType = unknown; name = instasave3.mp4; path = ../src/assets/videoTest/instasave3.mp4; sourceTree = "<group>"; };
		AFE978EDC1B54CFD8ECD97E7 /* heart-fill-24.png */ = {isa = PBXFileReference; explicitFileType = undefined; fileEncoding = 9; includeInIndex = 0; lastKnownFileType = unknown; name = "heart-fill-24.png"; path = "../src/assets/heart-fill-24.png"; sourceTree = "<group>"; };
		B5A54FBB2A0A1B4B00CF7E90 /* libreact-native-cameraroll.a */ = {isa = PBXFileReference; explicitFileType = archive.ar; path = "libreact-native-cameraroll.a"; sourceTree = BUILT_PRODUCTS_DIR; };
		B6EB0AE845AB4FD2A1974BC3 /* download-white-24.png */ = {isa = PBXFileReference; explicitFileType = undefined; fileEncoding = 9; includeInIndex = 0; lastKnownFileType = unknown; name = "download-white-24.png"; path = "../src/assets/download-white-24.png"; sourceTree = "<group>"; };
		C0B6B2A6594F4C11882F63DF /* video-24.png */ = {isa = PBXFileReference; explicitFileType = undefined; fileEncoding = 9; includeInIndex = 0; lastKnownFileType = unknown; name = "video-24.png"; path = "../src/assets/video/video-24.png"; sourceTree = "<group>"; };
		C1441ADE823847B6A6D680CE /* instasave6.mp4 */ = {isa = PBXFileReference; explicitFileType = undefined; fileEncoding = 9; includeInIndex = 0; lastKnownFileType = unknown; name = instasave6.mp4; path = ../src/assets/videoTest/instasave6.mp4; sourceTree = "<group>"; };
		C41C268431484483898D765F /* time-24.png */ = {isa = PBXFileReference; explicitFileType = undefined; fileEncoding = 9; includeInIndex = 0; lastKnownFileType = unknown; name = "time-24.png"; path = "../src/assets/video/time-24.png"; sourceTree = "<group>"; };
		C71D81873A774B54B9C238FB /* replay-36.png */ = {isa = PBXFileReference; explicitFileType = undefined; fileEncoding = 9; includeInIndex = 0; lastKnownFileType = unknown; name = "replay-36.png"; path = "../src/assets/video/replay-36.png"; sourceTree = "<group>"; };
		CAE2DCB01CC94013A973CA9E /* mirror-mode-24.png */ = {isa = PBXFileReference; explicitFileType = undefined; fileEncoding = 9; includeInIndex = 0; lastKnownFileType = unknown; name = "mirror-mode-24.png"; path = "../src/assets/video/mirror-mode-24.png"; sourceTree = "<group>"; };
		D2CA690CF33E4C72B3546854 /* x-white-24.png */ = {isa = PBXFileReference; explicitFileType = undefined; fileEncoding = 9; includeInIndex = 0; lastKnownFileType = unknown; name = "x-white-24.png"; path = "../src/assets/video/x-white-24.png"; sourceTree = "<group>"; };
		D894D7CD103148EAB8618434 /* isolation_4_pre.mp4 */ = {isa = PBXFileReference; explicitFileType = undefined; fileEncoding = 9; includeInIndex = 0; lastKnownFileType = unknown; name = isolation_4_pre.mp4; path = ../src/assets/videoTest/isolation_4_pre.mp4; sourceTree = "<group>"; };
		DAD8D0269DE7F3A7C2BB3696 /* Pods-GGurumi-GGurumiTests.debug.xcconfig */ = {isa = PBXFileReference; includeInIndex = 1; lastKnownFileType = text.xcconfig; name = "Pods-GGurumi-GGurumiTests.debug.xcconfig"; path = "Target Support Files/Pods-GGurumi-GGurumiTests/Pods-GGurumi-GGurumiTests.debug.xcconfig"; sourceTree = "<group>"; };
		DB02854BD7F842F3B0716E55 /* screen-scaledown-24.png */ = {isa = PBXFileReference; explicitFileType = undefined; fileEncoding = 9; includeInIndex = 0; lastKnownFileType = unknown; name = "screen-scaledown-24.png"; path = "../src/assets/video/screen-scaledown-24.png"; sourceTree = "<group>"; };
		E29D693DDFCA4BD8A606F440 /* start-36.png */ = {isa = PBXFileReference; explicitFileType = undefined; fileEncoding = 9; includeInIndex = 0; lastKnownFileType = unknown; name = "start-36.png"; path = "../src/assets/video/start-36.png"; sourceTree = "<group>"; };
		E55718AC21774828B18493D6 /* check-30.png */ = {isa = PBXFileReference; explicitFileType = undefined; fileEncoding = 9; includeInIndex = 0; lastKnownFileType = unknown; name = "check-30.png"; path = "../src/assets/mypage/check-30.png"; sourceTree = "<group>"; };
		EA4600F9CEF6430C8E2343F2 /* Because_of_you.mp4 */ = {isa = PBXFileReference; explicitFileType = undefined; fileEncoding = 9; includeInIndex = 0; lastKnownFileType = unknown; name = Because_of_you.mp4; path = ../src/assets/videoTest/Because_of_you.mp4; sourceTree = "<group>"; };
		EAC49FF0059B4E1D8321D17D /* instasave.mp4 */ = {isa = PBXFileReference; explicitFileType = undefined; fileEncoding = 9; includeInIndex = 0; lastKnownFileType = unknown; name = instasave.mp4; path = ../src/assets/videoTest/instasave.mp4; sourceTree = "<group>"; };
		ED297162215061F000B7C4FE /* JavaScriptCore.framework */ = {isa = PBXFileReference; lastKnownFileType = wrapper.framework; name = JavaScriptCore.framework; path = System/Library/Frameworks/JavaScriptCore.framework; sourceTree = SDKROOT; };
		F735F53CA5444F56B513C01B /* x-24.png */ = {isa = PBXFileReference; explicitFileType = undefined; fileEncoding = 9; includeInIndex = 0; lastKnownFileType = unknown; name = "x-24.png"; path = "../src/assets/video/x-24.png"; sourceTree = "<group>"; };
		FE7A58D5D6E8B3255A48C3F5 /* Pods-GGurumi.release.xcconfig */ = {isa = PBXFileReference; includeInIndex = 1; lastKnownFileType = text.xcconfig; name = "Pods-GGurumi.release.xcconfig"; path = "Target Support Files/Pods-GGurumi/Pods-GGurumi.release.xcconfig"; sourceTree = "<group>"; };
/* End PBXFileReference section */

/* Begin PBXFrameworksBuildPhase section */
		00E356EB1AD99517003FC87E /* Frameworks */ = {
			isa = PBXFrameworksBuildPhase;
			buildActionMask = 2147483647;
			files = (
				F54AED8ABD91BD2341561C07 /* libPods-GGurumi-GGurumiTests.a in Frameworks */,
			);
			runOnlyForDeploymentPostprocessing = 0;
		};
		13B07F8C1A680F5B00A75B9A /* Frameworks */ = {
			isa = PBXFrameworksBuildPhase;
			buildActionMask = 2147483647;
			files = (
				63F7396FC28758E433816404 /* libPods-GGurumi.a in Frameworks */,
			);
			runOnlyForDeploymentPostprocessing = 0;
		};
/* End PBXFrameworksBuildPhase section */

/* Begin PBXGroup section */
		00E356EF1AD99517003FC87E /* GGurumiTests */ = {
			isa = PBXGroup;
			children = (
				00E356F21AD99517003FC87E /* GGurumiTests.m */,
				00E356F01AD99517003FC87E /* Supporting Files */,
			);
			path = GGurumiTests;
			sourceTree = "<group>";
		};
		00E356F01AD99517003FC87E /* Supporting Files */ = {
			isa = PBXGroup;
			children = (
				00E356F11AD99517003FC87E /* Info.plist */,
			);
			name = "Supporting Files";
			sourceTree = "<group>";
		};
		13B07FAE1A68108700A75B9A /* GGurumi */ = {
			isa = PBXGroup;
			children = (
				13B07FAF1A68108700A75B9A /* AppDelegate.h */,
				13B07FB01A68108700A75B9A /* AppDelegate.mm */,
				13B07FB51A68108700A75B9A /* Images.xcassets */,
				13B07FB61A68108700A75B9A /* Info.plist */,
				81AB9BB72411601600AC10FF /* LaunchScreen.storyboard */,
				13B07FB71A68108700A75B9A /* main.m */,
			);
			name = GGurumi;
			sourceTree = "<group>";
		};
		2D16E6871FA4F8E400B85C8A /* Frameworks */ = {
			isa = PBXGroup;
			children = (
				B5A54FBB2A0A1B4B00CF7E90 /* libreact-native-cameraroll.a */,
				ED297162215061F000B7C4FE /* JavaScriptCore.framework */,
				8CFC84ED56447295BC8DBCFF /* libPods-GGurumi.a */,
				0027B07CD173DA2418B79C37 /* libPods-GGurumi-GGurumiTests.a */,
			);
			name = Frameworks;
			sourceTree = "<group>";
		};
		832341AE1AAA6A7D00B99B32 /* Libraries */ = {
			isa = PBXGroup;
			children = (
			);
			name = Libraries;
			sourceTree = "<group>";
		};
		83CBB9F61A601CBA00E9B192 = {
			isa = PBXGroup;
			children = (
				13B07FAE1A68108700A75B9A /* GGurumi */,
				832341AE1AAA6A7D00B99B32 /* Libraries */,
				00E356EF1AD99517003FC87E /* GGurumiTests */,
				83CBBA001A601CBA00E9B192 /* Products */,
				2D16E6871FA4F8E400B85C8A /* Frameworks */,
				BBD78D7AC51CEA395F1C20DB /* Pods */,
				E1A439F3BB274DABBAF69B22 /* Resources */,
			);
			indentWidth = 2;
			sourceTree = "<group>";
			tabWidth = 2;
			usesTabs = 0;
		};
		83CBBA001A601CBA00E9B192 /* Products */ = {
			isa = PBXGroup;
			children = (
				13B07F961A680F5B00A75B9A /* GGurumi.app */,
				00E356EE1AD99517003FC87E /* GGurumiTests.xctest */,
			);
			name = Products;
			sourceTree = "<group>";
		};
		BBD78D7AC51CEA395F1C20DB /* Pods */ = {
			isa = PBXGroup;
			children = (
				A0DEF02BAA14DA06716867A7 /* Pods-GGurumi.debug.xcconfig */,
				FE7A58D5D6E8B3255A48C3F5 /* Pods-GGurumi.release.xcconfig */,
				DAD8D0269DE7F3A7C2BB3696 /* Pods-GGurumi-GGurumiTests.debug.xcconfig */,
				01478A32B9EE338E69DD8A6C /* Pods-GGurumi-GGurumiTests.release.xcconfig */,
			);
			path = Pods;
			sourceTree = "<group>";
		};
		E1A439F3BB274DABBAF69B22 /* Resources */ = {
			isa = PBXGroup;
			children = (
				04E27A4AB9C74B688BD89CC6 /* arrow-black-24.png */,
				71812762EB194C85A951F0FF /* arrow-white-24.png */,
				18BF752674664ECE8937B6FD /* home-48.png */,
				7B9DE5C7AED54C958498B8AD /* home-white-48.png */,
				24B643090DA7404497AEF6EA /* mypage-48.png */,
				25A7B3CC67F54EFEB3EAD692 /* mypage-white-48.png */,
				B6EB0AE845AB4FD2A1974BC3 /* download-white-24.png */,
				5942512AEBDD4C58A96515BD /* heart-black-24.png */,
				AFE978EDC1B54CFD8ECD97E7 /* heart-fill-24.png */,
				382D4F2840BF43E8AAEABA11 /* heart-white-24.png */,
				7F055138822C43639DA75BE2 /* arrow-gray-24.png */,
				E55718AC21774828B18493D6 /* check-30.png */,
				A568F09E8B974B35A5C79905 /* heart-24.png */,
				9E1CDC81B2634E8795998CAD /* logout-24.png */,
				741591898A5C4EED86CC6D49 /* pencil-24.png */,
				AD76564B4AB44E14A491426C /* profile-100.png */,
				A265F2DBEBD14D3C94DCDF10 /* profile-add-20.png */,
				39DFB92FDE5147BC9A71C228 /* setting-24.png */,
				5215875AE44E4B0195D2E1E6 /* notfound.mp4 */,
				81A04684D64046149D180C2E /* notfound.png */,
				5380C33492A742ADB8F865F2 /* search-24.png */,
				8BC948E56211406DAF7ADDFE /* arrow-bottom-24.png */,
				21564CFB3983465388644309 /* arrow-top-24.png */,
				9C02B76DB3994071B62BFA78 /* back-24.png */,
				A78E9A71D73B43D8A9EA9085 /* check-22.png */,
				4BDC90E92C054DDA8206B3B4 /* double-speed-24.png */,
				2384B50ADDAF469DB14D9B0A /* front-24.png */,
				CAE2DCB01CC94013A973CA9E /* mirror-mode-24.png */,
				C71D81873A774B54B9C238FB /* replay-36.png */,
				DB02854BD7F842F3B0716E55 /* screen-scaledown-24.png */,
				41415556B9AC47B88F67683B /* screen-scaleup-24.png */,
				E29D693DDFCA4BD8A606F440 /* start-36.png */,
				00A4A5F914134761A74AAF5C /* stop-36.png */,
				C41C268431484483898D765F /* time-24.png */,
				C0B6B2A6594F4C11882F63DF /* video-24.png */,
				F735F53CA5444F56B513C01B /* x-24.png */,
				D2CA690CF33E4C72B3546854 /* x-white-24.png */,
				EA4600F9CEF6430C8E2343F2 /* Because_of_you.mp4 */,
				25A339361FD9418DADA89A4E /* arm_straight.mp4 */,
				33585FC96EF74699BD73BA7F /* flower.mp4 */,
				EAC49FF0059B4E1D8321D17D /* instasave.mp4 */,
				92032950F8A0478289EEB4B3 /* instasave2.mp4 */,
				AE0C409C63EC4626AF357AE2 /* instasave3.mp4 */,
				6B667A332EF1455BAEB887C0 /* instasave4.mp4 */,
				980349E92B984896A9FE41B6 /* instasave5.mp4 */,
				C1441ADE823847B6A6D680CE /* instasave6.mp4 */,
				1587F8411CF94C54ABE6CB37 /* isolation_4.mp4 */,
				D894D7CD103148EAB8618434 /* isolation_4_pre.mp4 */,
				A23BE8E629374173936C658F /* stretching.mp4 */,
				682A600B9D0F4432A37FB6AC /* stretching_pre.mp4 */,
				601BB83329F3406CBF7122AD /* wave.mp4 */,
			);
			name = Resources;
			sourceTree = "<group>";
		};
/* End PBXGroup section */

/* Begin PBXNativeTarget section */
		00E356ED1AD99517003FC87E /* GGurumiTests */ = {
			isa = PBXNativeTarget;
			buildConfigurationList = 00E357021AD99517003FC87E /* Build configuration list for PBXNativeTarget "GGurumiTests" */;
			buildPhases = (
				7D2B2BB510C3E4AC39754266 /* [CP] Check Pods Manifest.lock */,
				00E356EA1AD99517003FC87E /* Sources */,
				00E356EB1AD99517003FC87E /* Frameworks */,
				00E356EC1AD99517003FC87E /* Resources */,
				5674471B6D8990C5A27A97A3 /* [CP] Embed Pods Frameworks */,
				FC4F6AF8944A2972CFC404E0 /* [CP] Copy Pods Resources */,
			);
			buildRules = (
			);
			dependencies = (
				00E356F51AD99517003FC87E /* PBXTargetDependency */,
			);
			name = GGurumiTests;
			productName = GGurumiTests;
			productReference = 00E356EE1AD99517003FC87E /* GGurumiTests.xctest */;
			productType = "com.apple.product-type.bundle.unit-test";
		};
		13B07F861A680F5B00A75B9A /* GGurumi */ = {
			isa = PBXNativeTarget;
			buildConfigurationList = 13B07F931A680F5B00A75B9A /* Build configuration list for PBXNativeTarget "GGurumi" */;
			buildPhases = (
				2D6BC12BA8321BDA5B2131A2 /* [CP] Check Pods Manifest.lock */,
				FD10A7F022414F080027D42C /* Start Packager */,
				13B07F871A680F5B00A75B9A /* Sources */,
				13B07F8C1A680F5B00A75B9A /* Frameworks */,
				13B07F8E1A680F5B00A75B9A /* Resources */,
				00DD1BFF1BD5951E006B06BC /* Bundle React Native code and images */,
				FFCF5C9F1444948CFF1CCAA2 /* [CP] Embed Pods Frameworks */,
				B4D0241C2172CFA7C5567192 /* [CP] Copy Pods Resources */,
			);
			buildRules = (
			);
			dependencies = (
			);
			name = GGurumi;
			productName = GGurumi;
			productReference = 13B07F961A680F5B00A75B9A /* GGurumi.app */;
			productType = "com.apple.product-type.application";
		};
/* End PBXNativeTarget section */

/* Begin PBXProject section */
		83CBB9F71A601CBA00E9B192 /* Project object */ = {
			isa = PBXProject;
			attributes = {
				LastUpgradeCheck = 1210;
				TargetAttributes = {
					00E356ED1AD99517003FC87E = {
						CreatedOnToolsVersion = 6.2;
						TestTargetID = 13B07F861A680F5B00A75B9A;
					};
					13B07F861A680F5B00A75B9A = {
						LastSwiftMigration = 1120;
					};
				};
			};
			buildConfigurationList = 83CBB9FA1A601CBA00E9B192 /* Build configuration list for PBXProject "GGurumi" */;
			compatibilityVersion = "Xcode 12.0";
			developmentRegion = en;
			hasScannedForEncodings = 0;
			knownRegions = (
				en,
				Base,
			);
			mainGroup = 83CBB9F61A601CBA00E9B192;
			productRefGroup = 83CBBA001A601CBA00E9B192 /* Products */;
			projectDirPath = "";
			projectRoot = "";
			targets = (
				13B07F861A680F5B00A75B9A /* GGurumi */,
				00E356ED1AD99517003FC87E /* GGurumiTests */,
			);
		};
/* End PBXProject section */

/* Begin PBXResourcesBuildPhase section */
		00E356EC1AD99517003FC87E /* Resources */ = {
			isa = PBXResourcesBuildPhase;
			buildActionMask = 2147483647;
			files = (
			);
			runOnlyForDeploymentPostprocessing = 0;
		};
		13B07F8E1A680F5B00A75B9A /* Resources */ = {
			isa = PBXResourcesBuildPhase;
			buildActionMask = 2147483647;
			files = (
				81AB9BB82411601600AC10FF /* LaunchScreen.storyboard in Resources */,
				13B07FBF1A68108700A75B9A /* Images.xcassets in Resources */,
				A1FB0D9BC8F34DB581991D7B /* arrow-black-24.png in Resources */,
				DC98D74F6767435287F60E87 /* arrow-white-24.png in Resources */,
				E8652C5967E543A29963F6C7 /* home-48.png in Resources */,
				0E7307B364AE4F65B740C032 /* home-white-48.png in Resources */,
				A7119A4083044216A33EBC13 /* mypage-48.png in Resources */,
				E8024F381CBF4CF4B8C2CFF6 /* mypage-white-48.png in Resources */,
				F8DE31BC118C4B84B6BDEF0B /* download-white-24.png in Resources */,
				C8078EBC7CAC42569F26CFC6 /* heart-black-24.png in Resources */,
				439A85EA8DAD4D85B7AE7F13 /* heart-fill-24.png in Resources */,
				7E38D556D04A491DB74EB5A0 /* heart-white-24.png in Resources */,
				B5FBB195DFA24E5DAC7B5E73 /* arrow-gray-24.png in Resources */,
				D18E5F360BC14A4BB199F40D /* check-30.png in Resources */,
				E190CE2A846B4651A3429F77 /* heart-24.png in Resources */,
				5B6937D112AC4C94842A2F37 /* logout-24.png in Resources */,
				40C493229E5845C2B88BE2B3 /* pencil-24.png in Resources */,
				85567BDC504548669AC65092 /* profile-100.png in Resources */,
				DBFF79AE3B444381B1C93540 /* profile-add-20.png in Resources */,
				DAA917721BD34262B86751C3 /* setting-24.png in Resources */,
				732124CA0E974536BDACA096 /* notfound.mp4 in Resources */,
				F153FAB83B584BF4A973005A /* notfound.png in Resources */,
				E6A3F2386A8048CFB7C9C087 /* search-24.png in Resources */,
				B87004C26EF941C4A012A6CC /* arrow-bottom-24.png in Resources */,
				063F6EEC2C0D4DE7AEF1B5DD /* arrow-top-24.png in Resources */,
				76112D71A23441F5BFB295ED /* back-24.png in Resources */,
				9FCBB4C65E4846A69413542E /* check-22.png in Resources */,
				E634EC3C1B9A4731A76E0655 /* double-speed-24.png in Resources */,
				DF83DABE57FE47EB870BAF00 /* front-24.png in Resources */,
				2133DC900AAD4B8DB8C763C8 /* mirror-mode-24.png in Resources */,
				48BB9E4914474D07BB9C453E /* replay-36.png in Resources */,
				3B1F845D0BF74C4AB7D26D4B /* screen-scaledown-24.png in Resources */,
				BFF173468A55485E88B20268 /* screen-scaleup-24.png in Resources */,
				30AC8683863E49F08DB6976D /* start-36.png in Resources */,
				2D7BC9E778734D8FA8148037 /* stop-36.png in Resources */,
				DDA58D03CED14BAB9C326DD1 /* time-24.png in Resources */,
				C82E5F404A72477A8FE82DF7 /* video-24.png in Resources */,
				5E87EB2E7F8144EC974CCBF2 /* x-24.png in Resources */,
				DF4CC52774144E62BF29E95E /* x-white-24.png in Resources */,
				8E6F19FC01E64F99B5F0E0C0 /* Because_of_you.mp4 in Resources */,
				BD68DD50BD454428A50C32A9 /* arm_straight.mp4 in Resources */,
				05F186A35B4D4793A164B218 /* flower.mp4 in Resources */,
				24AE0E2637764EA189BCF566 /* instasave.mp4 in Resources */,
				B628A5D3992F42AC8E77E0CC /* instasave2.mp4 in Resources */,
				650713E00AEF45DABD8885B8 /* instasave3.mp4 in Resources */,
				B6B60E2140D047C38FB0661C /* instasave4.mp4 in Resources */,
				41BD52F721604EFA82D5E797 /* instasave5.mp4 in Resources */,
				06AABD778B524350908816C2 /* instasave6.mp4 in Resources */,
				B72ED55BB7A742848AAA998D /* isolation_4.mp4 in Resources */,
				1080C1177532478F94762F55 /* isolation_4_pre.mp4 in Resources */,
				CDCD12B139EF44C9B9AE7997 /* stretching.mp4 in Resources */,
				B086B4BC9B8F41F9BC387443 /* stretching_pre.mp4 in Resources */,
				A94AF02BB90547C2BC0CD08D /* wave.mp4 in Resources */,
			);
			runOnlyForDeploymentPostprocessing = 0;
		};
/* End PBXResourcesBuildPhase section */

/* Begin PBXShellScriptBuildPhase section */
		00DD1BFF1BD5951E006B06BC /* Bundle React Native code and images */ = {
			isa = PBXShellScriptBuildPhase;
			buildActionMask = 2147483647;
			files = (
			);
			inputPaths = (
				"$(SRCROOT)/.xcode.env.local",
				"$(SRCROOT)/.xcode.env",
			);
			name = "Bundle React Native code and images";
			outputPaths = (
			);
			runOnlyForDeploymentPostprocessing = 0;
			shellPath = /bin/sh;
			shellScript = "set -e\n\nWITH_ENVIRONMENT=\"../node_modules/react-native/scripts/xcode/with-environment.sh\"\nREACT_NATIVE_XCODE=\"../node_modules/react-native/scripts/react-native-xcode.sh\"\n\n/bin/sh -c \"$WITH_ENVIRONMENT $REACT_NATIVE_XCODE\"\n";
		};
		2D6BC12BA8321BDA5B2131A2 /* [CP] Check Pods Manifest.lock */ = {
			isa = PBXShellScriptBuildPhase;
			buildActionMask = 2147483647;
			files = (
			);
			inputFileListPaths = (
			);
			inputPaths = (
				"${PODS_PODFILE_DIR_PATH}/Podfile.lock",
				"${PODS_ROOT}/Manifest.lock",
			);
			name = "[CP] Check Pods Manifest.lock";
			outputFileListPaths = (
			);
			outputPaths = (
				"$(DERIVED_FILE_DIR)/Pods-GGurumi-checkManifestLockResult.txt",
			);
			runOnlyForDeploymentPostprocessing = 0;
			shellPath = /bin/sh;
			shellScript = "diff \"${PODS_PODFILE_DIR_PATH}/Podfile.lock\" \"${PODS_ROOT}/Manifest.lock\" > /dev/null\nif [ $? != 0 ] ; then\n    # print error to STDERR\n    echo \"error: The sandbox is not in sync with the Podfile.lock. Run 'pod install' or update your CocoaPods installation.\" >&2\n    exit 1\nfi\n# This output is used by Xcode 'outputs' to avoid re-running this script phase.\necho \"SUCCESS\" > \"${SCRIPT_OUTPUT_FILE_0}\"\n";
			showEnvVarsInLog = 0;
		};
		5674471B6D8990C5A27A97A3 /* [CP] Embed Pods Frameworks */ = {
			isa = PBXShellScriptBuildPhase;
			buildActionMask = 2147483647;
			files = (
			);
			inputFileListPaths = (
				"${PODS_ROOT}/Target Support Files/Pods-GGurumi-GGurumiTests/Pods-GGurumi-GGurumiTests-frameworks-${CONFIGURATION}-input-files.xcfilelist",
			);
			name = "[CP] Embed Pods Frameworks";
			outputFileListPaths = (
				"${PODS_ROOT}/Target Support Files/Pods-GGurumi-GGurumiTests/Pods-GGurumi-GGurumiTests-frameworks-${CONFIGURATION}-output-files.xcfilelist",
			);
			runOnlyForDeploymentPostprocessing = 0;
			shellPath = /bin/sh;
			shellScript = "\"${PODS_ROOT}/Target Support Files/Pods-GGurumi-GGurumiTests/Pods-GGurumi-GGurumiTests-frameworks.sh\"\n";
			showEnvVarsInLog = 0;
		};
		7D2B2BB510C3E4AC39754266 /* [CP] Check Pods Manifest.lock */ = {
			isa = PBXShellScriptBuildPhase;
			buildActionMask = 2147483647;
			files = (
			);
			inputFileListPaths = (
			);
			inputPaths = (
				"${PODS_PODFILE_DIR_PATH}/Podfile.lock",
				"${PODS_ROOT}/Manifest.lock",
			);
			name = "[CP] Check Pods Manifest.lock";
			outputFileListPaths = (
			);
			outputPaths = (
				"$(DERIVED_FILE_DIR)/Pods-GGurumi-GGurumiTests-checkManifestLockResult.txt",
			);
			runOnlyForDeploymentPostprocessing = 0;
			shellPath = /bin/sh;
			shellScript = "diff \"${PODS_PODFILE_DIR_PATH}/Podfile.lock\" \"${PODS_ROOT}/Manifest.lock\" > /dev/null\nif [ $? != 0 ] ; then\n    # print error to STDERR\n    echo \"error: The sandbox is not in sync with the Podfile.lock. Run 'pod install' or update your CocoaPods installation.\" >&2\n    exit 1\nfi\n# This output is used by Xcode 'outputs' to avoid re-running this script phase.\necho \"SUCCESS\" > \"${SCRIPT_OUTPUT_FILE_0}\"\n";
			showEnvVarsInLog = 0;
		};
		B4D0241C2172CFA7C5567192 /* [CP] Copy Pods Resources */ = {
			isa = PBXShellScriptBuildPhase;
			buildActionMask = 2147483647;
			files = (
			);
			inputFileListPaths = (
				"${PODS_ROOT}/Target Support Files/Pods-GGurumi/Pods-GGurumi-resources-${CONFIGURATION}-input-files.xcfilelist",
			);
			name = "[CP] Copy Pods Resources";
			outputFileListPaths = (
				"${PODS_ROOT}/Target Support Files/Pods-GGurumi/Pods-GGurumi-resources-${CONFIGURATION}-output-files.xcfilelist",
			);
			runOnlyForDeploymentPostprocessing = 0;
			shellPath = /bin/sh;
			shellScript = "\"${PODS_ROOT}/Target Support Files/Pods-GGurumi/Pods-GGurumi-resources.sh\"\n";
			showEnvVarsInLog = 0;
		};
		FC4F6AF8944A2972CFC404E0 /* [CP] Copy Pods Resources */ = {
			isa = PBXShellScriptBuildPhase;
			buildActionMask = 2147483647;
			files = (
			);
			inputFileListPaths = (
				"${PODS_ROOT}/Target Support Files/Pods-GGurumi-GGurumiTests/Pods-GGurumi-GGurumiTests-resources-${CONFIGURATION}-input-files.xcfilelist",
			);
			name = "[CP] Copy Pods Resources";
			outputFileListPaths = (
				"${PODS_ROOT}/Target Support Files/Pods-GGurumi-GGurumiTests/Pods-GGurumi-GGurumiTests-resources-${CONFIGURATION}-output-files.xcfilelist",
			);
			runOnlyForDeploymentPostprocessing = 0;
			shellPath = /bin/sh;
			shellScript = "\"${PODS_ROOT}/Target Support Files/Pods-GGurumi-GGurumiTests/Pods-GGurumi-GGurumiTests-resources.sh\"\n";
			showEnvVarsInLog = 0;
		};
		FD10A7F022414F080027D42C /* Start Packager */ = {
			isa = PBXShellScriptBuildPhase;
			buildActionMask = 2147483647;
			files = (
			);
			inputFileListPaths = (
			);
			inputPaths = (
			);
			name = "Start Packager";
			outputFileListPaths = (
			);
			outputPaths = (
			);
			runOnlyForDeploymentPostprocessing = 0;
			shellPath = /bin/sh;
			shellScript = "export RCT_METRO_PORT=\"${RCT_METRO_PORT:=8081}\"\necho \"export RCT_METRO_PORT=${RCT_METRO_PORT}\" > \"${SRCROOT}/../node_modules/react-native/scripts/.packager.env\"\nif [ -z \"${RCT_NO_LAUNCH_PACKAGER+xxx}\" ] ; then\n  if nc -w 5 -z localhost ${RCT_METRO_PORT} ; then\n    if ! curl -s \"http://localhost:${RCT_METRO_PORT}/status\" | grep -q \"packager-status:running\" ; then\n      echo \"Port ${RCT_METRO_PORT} already in use, packager is either not running or not running correctly\"\n      exit 2\n    fi\n  else\n    open \"$SRCROOT/../node_modules/react-native/scripts/launchPackager.command\" || echo \"Can't start packager automatically\"\n  fi\nfi\n";
			showEnvVarsInLog = 0;
		};
		FFCF5C9F1444948CFF1CCAA2 /* [CP] Embed Pods Frameworks */ = {
			isa = PBXShellScriptBuildPhase;
			buildActionMask = 2147483647;
			files = (
			);
			inputFileListPaths = (
				"${PODS_ROOT}/Target Support Files/Pods-GGurumi/Pods-GGurumi-frameworks-${CONFIGURATION}-input-files.xcfilelist",
			);
			name = "[CP] Embed Pods Frameworks";
			outputFileListPaths = (
				"${PODS_ROOT}/Target Support Files/Pods-GGurumi/Pods-GGurumi-frameworks-${CONFIGURATION}-output-files.xcfilelist",
			);
			runOnlyForDeploymentPostprocessing = 0;
			shellPath = /bin/sh;
			shellScript = "\"${PODS_ROOT}/Target Support Files/Pods-GGurumi/Pods-GGurumi-frameworks.sh\"\n";
			showEnvVarsInLog = 0;
		};
/* End PBXShellScriptBuildPhase section */

/* Begin PBXSourcesBuildPhase section */
		00E356EA1AD99517003FC87E /* Sources */ = {
			isa = PBXSourcesBuildPhase;
			buildActionMask = 2147483647;
			files = (
				00E356F31AD99517003FC87E /* GGurumiTests.m in Sources */,
			);
			runOnlyForDeploymentPostprocessing = 0;
		};
		13B07F871A680F5B00A75B9A /* Sources */ = {
			isa = PBXSourcesBuildPhase;
			buildActionMask = 2147483647;
			files = (
				13B07FBC1A68108700A75B9A /* AppDelegate.mm in Sources */,
				13B07FC11A68108700A75B9A /* main.m in Sources */,
			);
			runOnlyForDeploymentPostprocessing = 0;
		};
/* End PBXSourcesBuildPhase section */

/* Begin PBXTargetDependency section */
		00E356F51AD99517003FC87E /* PBXTargetDependency */ = {
			isa = PBXTargetDependency;
			target = 13B07F861A680F5B00A75B9A /* GGurumi */;
			targetProxy = 00E356F41AD99517003FC87E /* PBXContainerItemProxy */;
		};
/* End PBXTargetDependency section */

/* Begin XCBuildConfiguration section */
		00E356F61AD99517003FC87E /* Debug */ = {
			isa = XCBuildConfiguration;
			baseConfigurationReference = DAD8D0269DE7F3A7C2BB3696 /* Pods-GGurumi-GGurumiTests.debug.xcconfig */;
			buildSettings = {
				BUNDLE_LOADER = "$(TEST_HOST)";
				GCC_PREPROCESSOR_DEFINITIONS = (
					"DEBUG=1",
					"$(inherited)",
				);
				INFOPLIST_FILE = GGurumiTests/Info.plist;
				IPHONEOS_DEPLOYMENT_TARGET = 12.4;
				LD_RUNPATH_SEARCH_PATHS = (
					"$(inherited)",
					"@executable_path/Frameworks",
					"@loader_path/Frameworks",
				);
				OTHER_LDFLAGS = (
					"-ObjC",
					"-lc++",
					"$(inherited)",
				);
				PRODUCT_BUNDLE_IDENTIFIER = "org.reactjs.native.example.$(PRODUCT_NAME:rfc1034identifier)";
				PRODUCT_NAME = "$(TARGET_NAME)";
				TEST_HOST = "$(BUILT_PRODUCTS_DIR)/GGurumi.app/GGurumi";
			};
			name = Debug;
		};
		00E356F71AD99517003FC87E /* Release */ = {
			isa = XCBuildConfiguration;
			baseConfigurationReference = 01478A32B9EE338E69DD8A6C /* Pods-GGurumi-GGurumiTests.release.xcconfig */;
			buildSettings = {
				BUNDLE_LOADER = "$(TEST_HOST)";
				COPY_PHASE_STRIP = NO;
				INFOPLIST_FILE = GGurumiTests/Info.plist;
				IPHONEOS_DEPLOYMENT_TARGET = 12.4;
				LD_RUNPATH_SEARCH_PATHS = (
					"$(inherited)",
					"@executable_path/Frameworks",
					"@loader_path/Frameworks",
				);
				OTHER_LDFLAGS = (
					"-ObjC",
					"-lc++",
					"$(inherited)",
				);
				PRODUCT_BUNDLE_IDENTIFIER = "org.reactjs.native.example.$(PRODUCT_NAME:rfc1034identifier)";
				PRODUCT_NAME = "$(TARGET_NAME)";
				TEST_HOST = "$(BUILT_PRODUCTS_DIR)/GGurumi.app/GGurumi";
			};
			name = Release;
		};
		13B07F941A680F5B00A75B9A /* Debug */ = {
			isa = XCBuildConfiguration;
			baseConfigurationReference = A0DEF02BAA14DA06716867A7 /* Pods-GGurumi.debug.xcconfig */;
			buildSettings = {
				ASSETCATALOG_COMPILER_APPICON_NAME = AppIcon;
				CLANG_ENABLE_MODULES = YES;
				CURRENT_PROJECT_VERSION = 1;
				DEVELOPMENT_TEAM = KVX7VVMZPF;
				ENABLE_BITCODE = NO;
				INFOPLIST_FILE = GGurumi/Info.plist;
				LD_RUNPATH_SEARCH_PATHS = (
					"$(inherited)",
					"@executable_path/Frameworks",
				);
				MARKETING_VERSION = 1.0;
				OTHER_LDFLAGS = (
					"$(inherited)",
					"-ObjC",
					"-lc++",
				);
				PRODUCT_BUNDLE_IDENTIFIER = "org.reactjs.native.example.$(PRODUCT_NAME:rfc1034identifier)";
				PRODUCT_NAME = GGurumi;
				SUPPORTED_PLATFORMS = "iphoneos iphonesimulator";
				SUPPORTS_MACCATALYST = NO;
				SUPPORTS_MAC_DESIGNED_FOR_IPHONE_IPAD = YES;
				SWIFT_OPTIMIZATION_LEVEL = "-Onone";
				SWIFT_VERSION = 5.0;
				TARGETED_DEVICE_FAMILY = "1,2";
				VERSIONING_SYSTEM = "apple-generic";
			};
			name = Debug;
		};
		13B07F951A680F5B00A75B9A /* Release */ = {
			isa = XCBuildConfiguration;
			baseConfigurationReference = FE7A58D5D6E8B3255A48C3F5 /* Pods-GGurumi.release.xcconfig */;
			buildSettings = {
				ASSETCATALOG_COMPILER_APPICON_NAME = AppIcon;
				CLANG_ENABLE_MODULES = YES;
				CURRENT_PROJECT_VERSION = 1;
				DEVELOPMENT_TEAM = KVX7VVMZPF;
				INFOPLIST_FILE = GGurumi/Info.plist;
				LD_RUNPATH_SEARCH_PATHS = (
					"$(inherited)",
					"@executable_path/Frameworks",
				);
				MARKETING_VERSION = 1.0;
				OTHER_LDFLAGS = (
					"$(inherited)",
					"-ObjC",
					"-lc++",
				);
				PRODUCT_BUNDLE_IDENTIFIER = "org.reactjs.native.example.$(PRODUCT_NAME:rfc1034identifier)";
				PRODUCT_NAME = GGurumi;
				SUPPORTED_PLATFORMS = "iphoneos iphonesimulator";
				SUPPORTS_MACCATALYST = NO;
				SUPPORTS_MAC_DESIGNED_FOR_IPHONE_IPAD = YES;
				SWIFT_VERSION = 5.0;
				TARGETED_DEVICE_FAMILY = "1,2";
				VERSIONING_SYSTEM = "apple-generic";
			};
			name = Release;
		};
		83CBBA201A601CBA00E9B192 /* Debug */ = {
			isa = XCBuildConfiguration;
			buildSettings = {
				ALWAYS_SEARCH_USER_PATHS = NO;
				CLANG_ANALYZER_LOCALIZABILITY_NONLOCALIZED = YES;
				CLANG_CXX_LANGUAGE_STANDARD = "c++17";
				CLANG_CXX_LIBRARY = "libc++";
				CLANG_ENABLE_MODULES = YES;
				CLANG_ENABLE_OBJC_ARC = YES;
				CLANG_WARN_BLOCK_CAPTURE_AUTORELEASING = YES;
				CLANG_WARN_BOOL_CONVERSION = YES;
				CLANG_WARN_COMMA = YES;
				CLANG_WARN_CONSTANT_CONVERSION = YES;
				CLANG_WARN_DEPRECATED_OBJC_IMPLEMENTATIONS = YES;
				CLANG_WARN_DIRECT_OBJC_ISA_USAGE = YES_ERROR;
				CLANG_WARN_EMPTY_BODY = YES;
				CLANG_WARN_ENUM_CONVERSION = YES;
				CLANG_WARN_INFINITE_RECURSION = YES;
				CLANG_WARN_INT_CONVERSION = YES;
				CLANG_WARN_NON_LITERAL_NULL_CONVERSION = YES;
				CLANG_WARN_OBJC_IMPLICIT_RETAIN_SELF = YES;
				CLANG_WARN_OBJC_LITERAL_CONVERSION = YES;
				CLANG_WARN_OBJC_ROOT_CLASS = YES_ERROR;
				CLANG_WARN_QUOTED_INCLUDE_IN_FRAMEWORK_HEADER = YES;
				CLANG_WARN_RANGE_LOOP_ANALYSIS = YES;
				CLANG_WARN_STRICT_PROTOTYPES = YES;
				CLANG_WARN_SUSPICIOUS_MOVE = YES;
				CLANG_WARN_UNREACHABLE_CODE = YES;
				CLANG_WARN__DUPLICATE_METHOD_MATCH = YES;
				"CODE_SIGN_IDENTITY[sdk=iphoneos*]" = "iPhone Developer";
				COPY_PHASE_STRIP = NO;
				ENABLE_STRICT_OBJC_MSGSEND = YES;
				ENABLE_TESTABILITY = YES;
				"EXCLUDED_ARCHS[sdk=iphonesimulator*]" = i386;
				GCC_C_LANGUAGE_STANDARD = gnu99;
				GCC_DYNAMIC_NO_PIC = NO;
				GCC_NO_COMMON_BLOCKS = YES;
				GCC_OPTIMIZATION_LEVEL = 0;
				GCC_PREPROCESSOR_DEFINITIONS = (
					"DEBUG=1",
					"$(inherited)",
				);
				GCC_SYMBOLS_PRIVATE_EXTERN = NO;
				GCC_WARN_64_TO_32_BIT_CONVERSION = YES;
				GCC_WARN_ABOUT_RETURN_TYPE = YES_ERROR;
				GCC_WARN_UNDECLARED_SELECTOR = YES;
				GCC_WARN_UNINITIALIZED_AUTOS = YES_AGGRESSIVE;
				GCC_WARN_UNUSED_FUNCTION = YES;
				GCC_WARN_UNUSED_VARIABLE = YES;
				IPHONEOS_DEPLOYMENT_TARGET = 12.4;
				LD_RUNPATH_SEARCH_PATHS = (
					/usr/lib/swift,
					"$(inherited)",
				);
				LIBRARY_SEARCH_PATHS = (
					"\"$(SDKROOT)/usr/lib/swift\"",
					"\"$(TOOLCHAIN_DIR)/usr/lib/swift/$(PLATFORM_NAME)\"",
					"\"$(inherited)\"",
				);
				MTL_ENABLE_DEBUG_INFO = YES;
				ONLY_ACTIVE_ARCH = YES;
				OTHER_CPLUSPLUSFLAGS = (
					"$(OTHER_CFLAGS)",
					"-DFOLLY_NO_CONFIG",
					"-DFOLLY_MOBILE=1",
					"-DFOLLY_USE_LIBCPP=1",
				);
				REACT_NATIVE_PATH = "${PODS_ROOT}/../../node_modules/react-native";
				SDKROOT = iphoneos;
			};
			name = Debug;
		};
		83CBBA211A601CBA00E9B192 /* Release */ = {
			isa = XCBuildConfiguration;
			buildSettings = {
				ALWAYS_SEARCH_USER_PATHS = NO;
				CLANG_ANALYZER_LOCALIZABILITY_NONLOCALIZED = YES;
				CLANG_CXX_LANGUAGE_STANDARD = "c++17";
				CLANG_CXX_LIBRARY = "libc++";
				CLANG_ENABLE_MODULES = YES;
				CLANG_ENABLE_OBJC_ARC = YES;
				CLANG_WARN_BLOCK_CAPTURE_AUTORELEASING = YES;
				CLANG_WARN_BOOL_CONVERSION = YES;
				CLANG_WARN_COMMA = YES;
				CLANG_WARN_CONSTANT_CONVERSION = YES;
				CLANG_WARN_DEPRECATED_OBJC_IMPLEMENTATIONS = YES;
				CLANG_WARN_DIRECT_OBJC_ISA_USAGE = YES_ERROR;
				CLANG_WARN_EMPTY_BODY = YES;
				CLANG_WARN_ENUM_CONVERSION = YES;
				CLANG_WARN_INFINITE_RECURSION = YES;
				CLANG_WARN_INT_CONVERSION = YES;
				CLANG_WARN_NON_LITERAL_NULL_CONVERSION = YES;
				CLANG_WARN_OBJC_IMPLICIT_RETAIN_SELF = YES;
				CLANG_WARN_OBJC_LITERAL_CONVERSION = YES;
				CLANG_WARN_OBJC_ROOT_CLASS = YES_ERROR;
				CLANG_WARN_QUOTED_INCLUDE_IN_FRAMEWORK_HEADER = YES;
				CLANG_WARN_RANGE_LOOP_ANALYSIS = YES;
				CLANG_WARN_STRICT_PROTOTYPES = YES;
				CLANG_WARN_SUSPICIOUS_MOVE = YES;
				CLANG_WARN_UNREACHABLE_CODE = YES;
				CLANG_WARN__DUPLICATE_METHOD_MATCH = YES;
				"CODE_SIGN_IDENTITY[sdk=iphoneos*]" = "iPhone Developer";
				COPY_PHASE_STRIP = YES;
				ENABLE_NS_ASSERTIONS = NO;
				ENABLE_STRICT_OBJC_MSGSEND = YES;
				"EXCLUDED_ARCHS[sdk=iphonesimulator*]" = i386;
				GCC_C_LANGUAGE_STANDARD = gnu99;
				GCC_NO_COMMON_BLOCKS = YES;
				GCC_WARN_64_TO_32_BIT_CONVERSION = YES;
				GCC_WARN_ABOUT_RETURN_TYPE = YES_ERROR;
				GCC_WARN_UNDECLARED_SELECTOR = YES;
				GCC_WARN_UNINITIALIZED_AUTOS = YES_AGGRESSIVE;
				GCC_WARN_UNUSED_FUNCTION = YES;
				GCC_WARN_UNUSED_VARIABLE = YES;
				IPHONEOS_DEPLOYMENT_TARGET = 12.4;
				LD_RUNPATH_SEARCH_PATHS = (
					/usr/lib/swift,
					"$(inherited)",
				);
				LIBRARY_SEARCH_PATHS = (
					"\"$(SDKROOT)/usr/lib/swift\"",
					"\"$(TOOLCHAIN_DIR)/usr/lib/swift/$(PLATFORM_NAME)\"",
					"\"$(inherited)\"",
				);
				MTL_ENABLE_DEBUG_INFO = NO;
				OTHER_CPLUSPLUSFLAGS = (
					"$(OTHER_CFLAGS)",
					"-DFOLLY_NO_CONFIG",
					"-DFOLLY_MOBILE=1",
					"-DFOLLY_USE_LIBCPP=1",
				);
				REACT_NATIVE_PATH = "${PODS_ROOT}/../../node_modules/react-native";
				SDKROOT = iphoneos;
				VALIDATE_PRODUCT = YES;
			};
			name = Release;
		};
/* End XCBuildConfiguration section */

/* Begin XCConfigurationList section */
		00E357021AD99517003FC87E /* Build configuration list for PBXNativeTarget "GGurumiTests" */ = {
			isa = XCConfigurationList;
			buildConfigurations = (
				00E356F61AD99517003FC87E /* Debug */,
				00E356F71AD99517003FC87E /* Release */,
			);
			defaultConfigurationIsVisible = 0;
			defaultConfigurationName = Release;
		};
		13B07F931A680F5B00A75B9A /* Build configuration list for PBXNativeTarget "GGurumi" */ = {
			isa = XCConfigurationList;
			buildConfigurations = (
				13B07F941A680F5B00A75B9A /* Debug */,
				13B07F951A680F5B00A75B9A /* Release */,
			);
			defaultConfigurationIsVisible = 0;
			defaultConfigurationName = Release;
		};
		83CBB9FA1A601CBA00E9B192 /* Build configuration list for PBXProject "GGurumi" */ = {
			isa = XCConfigurationList;
			buildConfigurations = (
				83CBBA201A601CBA00E9B192 /* Debug */,
				83CBBA211A601CBA00E9B192 /* Release */,
			);
			defaultConfigurationIsVisible = 0;
			defaultConfigurationName = Release;
		};
/* End XCConfigurationList section */
	};
	rootObject = 83CBB9F71A601CBA00E9B192 /* Project object */;
}
